
Microsoft Visual Studio Solution File, Format Version 12.00
# Visual Studio 15
VisualStudioVersion = 15.0.28307.421
MinimumVisualStudioVersion = 10.0.40219.1
Project("{FAE04EC0-301F-11D3-BF4B-00C04F79EFBC}") = "LinqLearning", "LinqLearning.csproj", "{20943225-D1CC-4BE1-A117-16B965FD1203}"
EndProject
Global
	GlobalSection(SolutionConfigurationPlatforms) = preSolution
		Debug|Any CPU = Debug|Any CPU
		Release|Any CPU = Release|Any CPU
	EndGlobalSection
	GlobalSection(ProjectConfigurationPlatforms) = postSolution
		{20943225-D1CC-4BE1-A117-16B965FD1203}.Debug|Any CPU.ActiveCfg = Debug|Any CPU
		{20943225-D1CC-4BE1-A117-16B965FD1203}.Debug|Any CPU.Build.0 = Debug|Any CPU
		{20943225-D1CC-4BE1-A117-16B965FD1203}.Release|Any CPU.ActiveCfg = Release|Any CPU
		{20943225-D1CC-4BE1-A117-16B965FD1203}.Release|Any CPU.Build.0 = Release|Any CPU
	EndGlobalSection
	GlobalSection(SolutionProperties) = preSolution
		HideSolutionNode = FALSE
	EndGlobalSection
	GlobalSection(ExtensibilityGlobals) = postSolution
		SolutionGuid = {621AEADC-C158-4566-AC3E-0106E2AEF27E}
	EndGlobalSection
EndGlobal
